%{
  "elixir_make": {:hex, :elixir_make, "0.4.2", "332c649d08c18bc1ecc73b1befc68c647136de4f340b548844efc796405743bf", [:mix], [], "hexpm"},
  "matrex": {:hex, :matrex, "0.6.7", "cbbd65b58b333e456681c345e009b637b7d40cdb38b7fae3ceee407fa8e69321", [:make], [{:elixir_make, "~> 0.4", [hex: :elixir_make, repo: "hexpm", optional: false]}], "hexpm"},
}
